
Microsoft Visual Studio Solution File, Format Version 12.00
# Visual Studio Version 17
VisualStudioVersion = 17.11.35327.3
MinimumVisualStudioVersion = 10.0.40219.1
Project("{FAE04EC0-301F-11D3-BF4B-00C04F79EFBC}") = "task1", "task1\task1.csproj", "{DDF42A0B-2189-49E5-9D4D-8CA14E5293B1}"
EndProject
Global
	GlobalSection(SolutionConfigurationPlatforms) = preSolution
		Debug|Any CPU = Debug|Any CPU
		Release|Any CPU = Release|Any CPU
	EndGlobalSection
	GlobalSection(ProjectConfigurationPlatforms) = postSolution
		{DDF42A0B-2189-49E5-9D4D-8CA14E5293B1}.Debug|Any CPU.ActiveCfg = Debug|Any CPU
		{DDF42A0B-2189-49E5-9D4D-8CA14E5293B1}.Debug|Any CPU.Build.0 = Debug|Any CPU
		{DDF42A0B-2189-49E5-9D4D-8CA14E5293B1}.Release|Any CPU.ActiveCfg = Release|Any CPU
		{DDF42A0B-2189-49E5-9D4D-8CA14E5293B1}.Release|Any CPU.Build.0 = Release|Any CPU
	EndGlobalSection
	GlobalSection(SolutionProperties) = preSolution
		HideSolutionNode = FALSE
	EndGlobalSection
	GlobalSection(ExtensibilityGlobals) = postSolution
		SolutionGuid = {74C90E61-DE55-40F3-A3EB-87D03764A624}
	EndGlobalSection
EndGlobal
